
Microsoft Visual Studio Solution File, Format Version 12.00
# Visual Studio 15
VisualStudioVersion = 15.0.26430.13
MinimumVisualStudioVersion = 10.0.40219.1
Project("{FAE04EC0-301F-11D3-BF4B-00C04F79EFBC}") = "TestClassic", "TestClassic\TestClassic.csproj", "{CD1AE6A5-74F9-4EA2-A8E5-AF5ACCEA935E}"
EndProject
Project("{FAE04EC0-301F-11D3-BF4B-00C04F79EFBC}") = "Tests", "Tests\Tests.csproj", "{29C087D5-06FE-458C-9579-F76CE35208AB}"
EndProject
Global
	GlobalSection(SolutionConfigurationPlatforms) = preSolution
		Debug|Any CPU = Debug|Any CPU
		Release|Any CPU = Release|Any CPU
	EndGlobalSection
	GlobalSection(ProjectConfigurationPlatforms) = postSolution
		{CD1AE6A5-74F9-4EA2-A8E5-AF5ACCEA935E}.Debug|Any CPU.ActiveCfg = Debug|Any CPU
		{CD1AE6A5-74F9-4EA2-A8E5-AF5ACCEA935E}.Debug|Any CPU.Build.0 = Debug|Any CPU
		{CD1AE6A5-74F9-4EA2-A8E5-AF5ACCEA935E}.Release|Any CPU.ActiveCfg = Release|Any CPU
		{CD1AE6A5-74F9-4EA2-A8E5-AF5ACCEA935E}.Release|Any CPU.Build.0 = Release|Any CPU
		{29C087D5-06FE-458C-9579-F76CE35208AB}.Debug|Any CPU.ActiveCfg = Debug|Any CPU
		{29C087D5-06FE-458C-9579-F76CE35208AB}.Debug|Any CPU.Build.0 = Debug|Any CPU
		{29C087D5-06FE-458C-9579-F76CE35208AB}.Release|Any CPU.ActiveCfg = Release|Any CPU
		{29C087D5-06FE-458C-9579-F76CE35208AB}.Release|Any CPU.Build.0 = Release|Any CPU
	EndGlobalSection
	GlobalSection(SolutionProperties) = preSolution
		HideSolutionNode = FALSE
	EndGlobalSection
EndGlobal
